
Microsoft Visual Studio Solution File, Format Version 12.00
# Visual Studio Version 17
VisualStudioVersion = 17.5.002.0
MinimumVisualStudioVersion = 10.0.40219.1
Project("{9A19103F-16F7-4668-BE54-9A1E7A4F7556}") = "Microsoft.AspNetCore.Mvc.ApiExplorer.Test", "test\Microsoft.AspNetCore.Mvc.ApiExplorer.Test.csproj", "{E2F66C3E-86A9-4CF9-BA31-9DD1CA43C4FF}"
EndProject
Project("{9A19103F-16F7-4668-BE54-9A1E7A4F7556}") = "Microsoft.AspNetCore.Mvc.ApiExplorer", "src\Microsoft.AspNetCore.Mvc.ApiExplorer.csproj", "{E5A1C197-0272-488D-8E69-2A59F514469D}"
EndProject
Global
	GlobalSection(SolutionConfigurationPlatforms) = preSolution
		Debug|Any CPU = Debug|Any CPU
		Release|Any CPU = Release|Any CPU
	EndGlobalSection
	GlobalSection(ProjectConfigurationPlatforms) = postSolution
		{E2F66C3E-86A9-4CF9-BA31-9DD1CA43C4FF}.Debug|Any CPU.ActiveCfg = Debug|Any CPU
		{E2F66C3E-86A9-4CF9-BA31-9DD1CA43C4FF}.Debug|Any CPU.Build.0 = Debug|Any CPU
		{E2F66C3E-86A9-4CF9-BA31-9DD1CA43C4FF}.Release|Any CPU.ActiveCfg = Release|Any CPU
		{E2F66C3E-86A9-4CF9-BA31-9DD1CA43C4FF}.Release|Any CPU.Build.0 = Release|Any CPU
		{E5A1C197-0272-488D-8E69-2A59F514469D}.Debug|Any CPU.ActiveCfg = Debug|Any CPU
		{E5A1C197-0272-488D-8E69-2A59F514469D}.Debug|Any CPU.Build.0 = Debug|Any CPU
		{E5A1C197-0272-488D-8E69-2A59F514469D}.Release|Any CPU.ActiveCfg = Release|Any CPU
		{E5A1C197-0272-488D-8E69-2A59F514469D}.Release|Any CPU.Build.0 = Release|Any CPU
	EndGlobalSection
	GlobalSection(SolutionProperties) = preSolution
		HideSolutionNode = FALSE
	EndGlobalSection
	GlobalSection(ExtensibilityGlobals) = postSolution
		SolutionGuid = {8BD0F229-0C02-448F-A07C-567AF3B26B5E}
	EndGlobalSection
EndGlobal
